
Microsoft Visual Studio Solution File, Format Version 12.00
# Visual Studio Version 17
VisualStudioVersion = 17.1.32414.318
MinimumVisualStudioVersion = 10.0.40219.1
Project("{FAE04EC0-301F-11D3-BF4B-00C04F79EFBC}") = "Vue3-from-CDN-in-ASP.Net-Core5-mvc-view", "Vue3-from-CDN-in-ASP.Net-Core5-mvc-view\Vue3-from-CDN-in-ASP.Net-Core5-mvc-view.csproj", "{1369790B-914E-4601-AF75-6926A882246E}"
EndProject
Global
	GlobalSection(SolutionConfigurationPlatforms) = preSolution
		Debug|Any CPU = Debug|Any CPU
		Release|Any CPU = Release|Any CPU
	EndGlobalSection
	GlobalSection(ProjectConfigurationPlatforms) = postSolution
		{1369790B-914E-4601-AF75-6926A882246E}.Debug|Any CPU.ActiveCfg = Debug|Any CPU
		{1369790B-914E-4601-AF75-6926A882246E}.Debug|Any CPU.Build.0 = Debug|Any CPU
		{1369790B-914E-4601-AF75-6926A882246E}.Release|Any CPU.ActiveCfg = Release|Any CPU
		{1369790B-914E-4601-AF75-6926A882246E}.Release|Any CPU.Build.0 = Release|Any CPU
	EndGlobalSection
	GlobalSection(SolutionProperties) = preSolution
		HideSolutionNode = FALSE
	EndGlobalSection
	GlobalSection(ExtensibilityGlobals) = postSolution
		SolutionGuid = {3478213C-B922-42F6-B424-5CB28C9F9D55}
	EndGlobalSection
EndGlobal
